<?xml version="1.0" encoding="utf-8"?>
<Project ToolsVersion="4.0" xmlns="http://schemas.microsoft.com/developer/msbuild/2003">
  <ItemGroup>
    <Filter Include="ソース ファイル">
      <UniqueIdentifier>{4FC737F1-C7A5-4376-A066-2A32D752A2FF}</UniqueIdentifier>
      <Extensions>cpp;c;cc;cxx;def;odl;idl;hpj;bat;asm;asmx</Extensions>
    </Filter>
    <Filter Include="ヘッダー ファイル">
      <UniqueIdentifier>{93995380-89BD-4b04-88EB-625FBE52EBFB}</UniqueIdentifier>
      <Extensions>h;hh;hpp;hxx;hm;inl;inc;ipp;xsd</Extensions>
    </Filter>
    <Filter Include="リソース ファイル">
      <UniqueIdentifier>{67DA6AB6-F800-4c08-8B7A-83BB121AAD01}</UniqueIdentifier>
      <Extensions>rc;ico;cur;bmp;dlg;rc2;rct;bin;rgs;gif;jpg;jpeg;jpe;resx;tiff;tif;png;wav;mfcribbon-ms</Extensions>
    </Filter>
  </ItemGroup>
  <ItemGroup>
    <ClInclude Include="stdafx.h">
      <Filter>ヘッダー ファイル</Filter>
    </ClInclude>
    <ClInclude Include="targetver.h">
      <Filter>ヘッダー ファイル</Filter>
    </ClInclude>
    <ClInclude Include="..\src\mini\example.h">
      <Filter>ヘッダー ファイル</Filter>
    </ClInclude>
    <ClInclude Include="..\src\mini\io.h">
      <Filter>ヘッダー ファイル</Filter>
    </ClInclude>
    <ClInclude Include="..\src\mini\modules.h">
      <Filter>ヘッダー ファイル</Filter>
    </ClInclude>
    <ClInclude Include="..\src\mini\ns.h">
      <Filter>ヘッダー ファイル</Filter>
    </ClInclude>
    <ClInclude Include="..\src\mini\os.h">
      <Filter>ヘッダー ファイル</Filter>
    </ClInclude>
    <ClInclude Include="..\src\mini\path.h">
      <Filter>ヘッダー ファイル</Filter>
    </ClInclude>
    <ClInclude Include="..\src\mini\scheduler.h">
      <Filter>ヘッダー ファイル</Filter>
    </ClInclude>
    <ClInclude Include="..\src\mini\stat.h">
      <Filter>ヘッダー ファイル</Filter>
    </ClInclude>
    <ClInclude Include="..\src\mini\userev.h">
      <Filter>ヘッダー ファイル</Filter>
    </ClInclude>
    <ClInclude Include="..\src\mini\vm.h">
      <Filter>ヘッダー ファイル</Filter>
    </ClInclude>
    <ClInclude Include="..\src\vm\wren_common.h">
      <Filter>ヘッダー ファイル</Filter>
    </ClInclude>
    <ClInclude Include="..\src\vm\wren_compiler.h">
      <Filter>ヘッダー ファイル</Filter>
    </ClInclude>
    <ClInclude Include="..\src\vm\wren_core.h">
      <Filter>ヘッダー ファイル</Filter>
    </ClInclude>
    <ClInclude Include="..\src\vm\wren_debug.h">
      <Filter>ヘッダー ファイル</Filter>
    </ClInclude>
    <ClInclude Include="..\src\vm\wren_opcodes.h">
      <Filter>ヘッダー ファイル</Filter>
    </ClInclude>
    <ClInclude Include="..\src\vm\wren_primitive.h">
      <Filter>ヘッダー ファイル</Filter>
    </ClInclude>
    <ClInclude Include="..\src\vm\wren_utils.h">
      <Filter>ヘッダー ファイル</Filter>
    </ClInclude>
    <ClInclude Include="..\src\vm\wren_value.h">
      <Filter>ヘッダー ファイル</Filter>
    </ClInclude>
    <ClInclude Include="..\src\vm\wren_vm.h">
      <Filter>ヘッダー ファイル</Filter>
    </ClInclude>
    <ClInclude Include="..\src\optional\wren_opt_meta.h">
      <Filter>ソース ファイル</Filter>
    </ClInclude>
    <ClInclude Include="..\src\optional\wren_opt_random.h">
      <Filter>ソース ファイル</Filter>
    </ClInclude>
  </ItemGroup>
  <ItemGroup>
    <ClCompile Include="stdafx.cpp">
      <Filter>ソース ファイル</Filter>
    </ClCompile>
    <ClCompile Include="..\src\mini\example.c">
      <Filter>ソース ファイル</Filter>
    </ClCompile>
    <ClCompile Include="..\src\mini\io.c">
      <Filter>ソース ファイル</Filter>
    </ClCompile>
    <ClCompile Include="..\src\mini\main.c">
      <Filter>ソース ファイル</Filter>
    </ClCompile>
    <ClCompile Include="..\src\mini\modules.c">
      <Filter>ソース ファイル</Filter>
    </ClCompile>
    <ClCompile Include="..\src\mini\ns.c">
      <Filter>ソース ファイル</Filter>
    </ClCompile>
    <ClCompile Include="..\src\mini\os.c">
      <Filter>ソース ファイル</Filter>
    </ClCompile>
    <ClCompile Include="..\src\mini\path.c">
      <Filter>ソース ファイル</Filter>
    </ClCompile>
    <ClCompile Include="..\src\mini\scheduler.c">
      <Filter>ソース ファイル</Filter>
    </ClCompile>
    <ClCompile Include="..\src\mini\timer.c">
      <Filter>ソース ファイル</Filter>
    </ClCompile>
    <ClCompile Include="..\src\mini\userev.c">
      <Filter>ソース ファイル</Filter>
    </ClCompile>
    <ClCompile Include="..\src\mini\vm.c">
      <Filter>ソース ファイル</Filter>
    </ClCompile>
    <ClCompile Include="..\src\vm\wren_compiler.c">
      <Filter>ソース ファイル</Filter>
    </ClCompile>
    <ClCompile Include="..\src\vm\wren_core.c">
      <Filter>ソース ファイル</Filter>
    </ClCompile>
    <ClCompile Include="..\src\vm\wren_debug.c">
      <Filter>ソース ファイル</Filter>
    </ClCompile>
    <ClCompile Include="..\src\vm\wren_primitive.c">
      <Filter>ソース ファイル</Filter>
    </ClCompile>
    <ClCompile Include="..\src\vm\wren_utils.c">
      <Filter>ソース ファイル</Filter>
    </ClCompile>
    <ClCompile Include="..\src\vm\wren_value.c">
      <Filter>ソース ファイル</Filter>
    </ClCompile>
    <ClCompile Include="..\src\vm\wren_vm.c">
      <Filter>ソース ファイル</Filter>
    </ClCompile>
    <ClCompile Include="..\src\optional\wren_opt_meta.c">
      <Filter>ソース ファイル</Filter>
    </ClCompile>
    <ClCompile Include="..\src\optional\wren_opt_random.c">
      <Filter>ソース ファイル</Filter>
    </ClCompile>
  </ItemGroup>
  <ItemGroup>
    <None Include="..\src\mini\example.wren" />
    <None Include="..\src\mini\example.wren.inc">
      <Filter>ヘッダー ファイル</Filter>
    </None>
    <None Include="..\src\mini\io.wren" />
    <None Include="..\src\mini\io.wren.inc">
      <Filter>ヘッダー ファイル</Filter>
    </None>
    <None Include="..\src\mini\ns.wren" />
    <None Include="..\src\mini\ns.wren.inc">
      <Filter>ヘッダー ファイル</Filter>
    </None>
    <None Include="..\src\mini\os.wren" />
    <None Include="..\src\mini\os.wren.inc">
      <Filter>ヘッダー ファイル</Filter>
    </None>
    <None Include="..\src\mini\scheduler.wren" />
    <None Include="..\src\mini\scheduler.wren.inc">
      <Filter>ヘッダー ファイル</Filter>
    </None>
    <None Include="..\src\mini\test.wren" />
    <None Include="..\src\mini\timer.wren.inc">
      <Filter>ヘッダー ファイル</Filter>
    </None>
    <None Include="..\src\vm\wren_core.wren" />
    <None Include="..\src\vm\wren_core.wren.inc">
      <Filter>ヘッダー ファイル</Filter>
    </None>
    <None Include="..\src\optional\wren_opt_meta.wren">
      <Filter>ソース ファイル</Filter>
    </None>
    <None Include="..\src\optional\wren_opt_meta.wren.inc">
      <Filter>ソース ファイル</Filter>
    </None>
    <None Include="..\src\optional\wren_opt_random.wren">
      <Filter>ソース ファイル</Filter>
    </None>
    <None Include="..\src\optional\wren_opt_random.wren.inc">
      <Filter>ソース ファイル</Filter>
    </None>
  </ItemGroup>
</Project>