<?xml version="1.0" encoding="utf-8"?>
<Project ToolsVersion="4.0" xmlns="http://schemas.microsoft.com/developer/msbuild/2003">
  <ItemGroup>
    <Filter Include="win32">
      <UniqueIdentifier>{84a8ebd7-7cf0-47f6-b75e-d441df67da40}</UniqueIdentifier>
    </Filter>
    <Filter Include="resource">
      <UniqueIdentifier>{715254bc-d70b-4ec5-bf29-467dd3ace079}</UniqueIdentifier>
    </Filter>
    <Filter Include="src">
      <UniqueIdentifier>{bb6c862e-70e9-49d9-81b7-3829a6f50471}</UniqueIdentifier>
    </Filter>
  </ItemGroup>
  <ItemGroup>
    <ClCompile Include="main.cpp">
      <Filter>win32</Filter>
    </ClCompile>
    <ClCompile Include="..\Classes\yaadv\CharLabel.cpp">
      <Filter>src</Filter>
    </ClCompile>
    <ClCompile Include="..\Classes\yaadv\GameScene.cpp">
      <Filter>src</Filter>
    </ClCompile>
    <ClCompile Include="..\Classes\yaadv\GameSystem.cpp">
      <Filter>src</Filter>
    </ClCompile>
    <ClCompile Include="..\Classes\yaadv\History.cpp">
      <Filter>src</Filter>
    </ClCompile>
    <ClCompile Include="..\Classes\yaadv\HistoryScene.cpp">
      <Filter>src</Filter>
    </ClCompile>
    <ClCompile Include="..\Classes\yaadv\LoadScene.cpp">
      <Filter>src</Filter>
    </ClCompile>
    <ClCompile Include="..\Classes\yaadv\MainMenuScene.cpp">
      <Filter>src</Filter>
    </ClCompile>
    <ClCompile Include="..\Classes\yaadv\SaveData.cpp">
      <Filter>src</Filter>
    </ClCompile>
    <ClCompile Include="..\Classes\yaadv\SaveScene.cpp">
      <Filter>src</Filter>
    </ClCompile>
    <ClCompile Include="..\Classes\yaadv\SettingScene.cpp">
      <Filter>src</Filter>
    </ClCompile>
    <ClCompile Include="..\Classes\AppDelegate.cpp">
      <Filter>src</Filter>
    </ClCompile>
    <ClCompile Include="..\Classes\HelloWorldScene.cpp">
      <Filter>src</Filter>
    </ClCompile>
    <ClCompile Include="..\Classes\AudioHelper.cpp">
      <Filter>src</Filter>
    </ClCompile>
    <ClCompile Include="..\Classes\yaadv\ScriptReader\CharacterManager.cpp">
      <Filter>src</Filter>
    </ClCompile>
    <ClCompile Include="..\Classes\yaadv\ScriptReader\ini.c">
      <Filter>src</Filter>
    </ClCompile>
    <ClCompile Include="..\Classes\yaadv\Control\Between.cpp">
      <Filter>src</Filter>
    </ClCompile>
    <ClCompile Include="..\Classes\yaadv\Control\EasyButton.cpp">
      <Filter>src</Filter>
    </ClCompile>
    <ClCompile Include="..\Classes\yaadv\Control\PopupLayer.cpp">
      <Filter>src</Filter>
    </ClCompile>
    <ClCompile Include="..\Classes\yaadv\Control\RadioButton.cpp">
      <Filter>src</Filter>
    </ClCompile>
    <ClCompile Include="..\Classes\yaadv\Control\Slidebar.cpp">
      <Filter>src</Filter>
    </ClCompile>
    <ClCompile Include="..\Classes\yaadv\Control\StringUtil.cpp">
      <Filter>src</Filter>
    </ClCompile>
    <ClCompile Include="..\Classes\yaadv\ScriptReader\BackgroundManager.cpp">
      <Filter>src</Filter>
    </ClCompile>
    <ClCompile Include="..\Classes\yaadv\ScriptReader\BackgroundMusicManager.cpp">
      <Filter>src</Filter>
    </ClCompile>
    <ClCompile Include="..\Classes\yaadv\ScriptReader\ScriptCommand.cpp">
      <Filter>src</Filter>
    </ClCompile>
    <ClCompile Include="..\Classes\yaadv\ScriptReader\ScriptReader.cpp">
      <Filter>src</Filter>
    </ClCompile>
    <ClCompile Include="..\Classes\yaadv\ScriptReader\SCX.cpp">
      <Filter>src</Filter>
    </ClCompile>
    <ClCompile Include="..\Classes\yaadv\ScriptReader\SoundManager.cpp">
      <Filter>src</Filter>
    </ClCompile>
    <ClCompile Include="..\Classes\yaadv\ScriptReader\ScriptReaderWREN.cpp">
      <Filter>src</Filter>
    </ClCompile>
    <ClCompile Include="..\Classes\yaadv\ScriptReader\yaadvConfig.cpp">
      <Filter>src</Filter>
    </ClCompile>
    <ClCompile Include="..\Classes\yaadv\ScriptReader\ScriptReaderJSON.cpp">
      <Filter>src</Filter>
    </ClCompile>
    <ClCompile Include="..\Classes\yaadv\ScriptReader\json.cpp">
      <Filter>src</Filter>
    </ClCompile>
    <ClCompile Include="..\Classes\yaadv\expr.cpp">
      <Filter>src</Filter>
    </ClCompile>
  </ItemGroup>
  <ItemGroup>
    <ClInclude Include="main.h">
      <Filter>win32</Filter>
    </ClInclude>
    <ClInclude Include="..\Classes\yaadv\CharLabel.h">
      <Filter>src</Filter>
    </ClInclude>
    <ClInclude Include="..\Classes\yaadv\GameScene.h">
      <Filter>src</Filter>
    </ClInclude>
    <ClInclude Include="..\Classes\yaadv\GameSystem.h">
      <Filter>src</Filter>
    </ClInclude>
    <ClInclude Include="..\Classes\yaadv\HistoryScene.h">
      <Filter>src</Filter>
    </ClInclude>
    <ClInclude Include="..\Classes\yaadv\LoadScene.h">
      <Filter>src</Filter>
    </ClInclude>
    <ClInclude Include="..\Classes\yaadv\MainMenuScene.h">
      <Filter>src</Filter>
    </ClInclude>
    <ClInclude Include="..\Classes\yaadv\SaveData.h">
      <Filter>src</Filter>
    </ClInclude>
    <ClInclude Include="..\Classes\yaadv\SaveScene.h">
      <Filter>src</Filter>
    </ClInclude>
    <ClInclude Include="..\Classes\yaadv\SettingScene.h">
      <Filter>src</Filter>
    </ClInclude>
    <ClInclude Include="..\Classes\yaadv\yaadv.h">
      <Filter>src</Filter>
    </ClInclude>
    <ClInclude Include="..\Classes\AppDelegate.h">
      <Filter>src</Filter>
    </ClInclude>
    <ClInclude Include="..\Classes\HelloWorldScene.h">
      <Filter>src</Filter>
    </ClInclude>
    <ClInclude Include="..\Classes\AudioHelper.h">
      <Filter>src</Filter>
    </ClInclude>
    <ClInclude Include="..\Classes\yaadv\ScriptReader\CharacterManager.h">
      <Filter>src</Filter>
    </ClInclude>
    <ClInclude Include="..\Classes\yaadv\ScriptReader\ini.h">
      <Filter>src</Filter>
    </ClInclude>
    <ClInclude Include="..\Classes\yaadv\Control\Between.h">
      <Filter>src</Filter>
    </ClInclude>
    <ClInclude Include="..\Classes\yaadv\Control\EasyButton.h">
      <Filter>src</Filter>
    </ClInclude>
    <ClInclude Include="..\Classes\yaadv\Control\PopupLayer.hpp">
      <Filter>src</Filter>
    </ClInclude>
    <ClInclude Include="..\Classes\yaadv\Control\RadioButton.h">
      <Filter>src</Filter>
    </ClInclude>
    <ClInclude Include="..\Classes\yaadv\Control\Slidebar.h">
      <Filter>src</Filter>
    </ClInclude>
    <ClInclude Include="..\Classes\yaadv\Control\StringUtil.h">
      <Filter>src</Filter>
    </ClInclude>
    <ClInclude Include="..\Classes\yaadv\ScriptReader\BackgroundManager.h">
      <Filter>src</Filter>
    </ClInclude>
    <ClInclude Include="..\Classes\yaadv\ScriptReader\BackgroundMusicManager.h">
      <Filter>src</Filter>
    </ClInclude>
    <ClInclude Include="..\Classes\yaadv\ScriptReader\ScriptCommand.h">
      <Filter>src</Filter>
    </ClInclude>
    <ClInclude Include="..\Classes\yaadv\ScriptReader\ScriptReader.h">
      <Filter>src</Filter>
    </ClInclude>
    <ClInclude Include="..\Classes\yaadv\ScriptReader\SCX.h">
      <Filter>src</Filter>
    </ClInclude>
    <ClInclude Include="..\Classes\yaadv\ScriptReader\SoundManager.h">
      <Filter>src</Filter>
    </ClInclude>
    <ClInclude Include="..\Classes\yaadv\ScriptReader\ScriptReaderWREN.h">
      <Filter>src</Filter>
    </ClInclude>
    <ClInclude Include="..\Classes\yaadv\History.h">
      <Filter>src</Filter>
    </ClInclude>
    <ClInclude Include="..\Classes\yaadv\ScriptReader\json.hpp">
      <Filter>src</Filter>
    </ClInclude>
    <ClInclude Include="..\Classes\yaadv\expr.h">
      <Filter>src</Filter>
    </ClInclude>
    <ClInclude Include="..\Classes\yaadv\ScriptReader\yaadvConfig.h">
      <Filter>src</Filter>
    </ClInclude>
  </ItemGroup>
  <ItemGroup>
    <ResourceCompile Include="game.rc">
      <Filter>resource</Filter>
    </ResourceCompile>
  </ItemGroup>
</Project>